NeoBundleLock JpFormat.vim 9d42bace43cbad970f028ca2ed8352df186de727
NeoBundleLock agit.vim e1c648198e08167f9d4099700eae8362bee003ca
NeoBundleLock auto-git-diff 90279e60a325659b2338c4abfddc709fe57697fd
NeoBundleLock emmet-vim 350f0ba10b9ee65837fc5b04a993b14a7a10e5ac
NeoBundleLock html5.vim a7a17c3496dfc128b7d974cb264457a8b8fd198d
NeoBundleLock incsearch.vim 25e2547fb0566460f5999024f7a0de7b3775201f
NeoBundleLock julia-vim ac287c5c1e315790c10bbfd537c760472fbd32a2
NeoBundleLock neobundle.vim 26d03781886ed887e390d4ad8b935987754b1c2c
NeoBundleLock nerdtree 193fed598ba6792e4f0679a5724279a805f9eb66
NeoBundleLock nerdtree-git-plugin 6a9b3122cb89b3a45ec444f9787a895125aca8aa
NeoBundleLock po.vim 1a40565fd5b660b62a1dcc6a7ba45b76744a66fd
NeoBundleLock qfixgrep 5f8b14fa2af0c6010c64dd0e0004c8502e515f68
NeoBundleLock rest.vim 44cb45865f33fd932216dd851b4a66ba92f08a5c
NeoBundleLock rust.vim b6d88adcf9867aa69f4d20d45d49bb54979842a4
NeoBundleLock tcomment_vim 6f1f24840be163e85d610837567221639e268ddc
NeoBundleLock unite.vim 49fe0efad7a838a5bec9e653fb80504c94744ff9
NeoBundleLock vim-coffee-script de6b6327b4e738ea5dbf0ef97d06d39217e4e6fc
NeoBundleLock vim-easy-align 1cd724dc239c3a0f7a12e0fac85945cc3dbe07b0
NeoBundleLock vim-endwise d5655263af8b3611a2bcb907a9963831a88d154b
NeoBundleLock vim-fugitive 5032d9ee72361dc3cfaae1a9b3353211203e443f
NeoBundleLock vim-go 0c98bdf5327fe7f8b84673895842939be238ddcd
NeoBundleLock vim-ps1 0b2509f210f5dc73001fdcfe8fd7ac354b363388
NeoBundleLock vim-quickrun 1170ba086f8e27c123add196675ddab64a59ce70
NeoBundleLock vim-rails f7fc6fcb67203a49ec4db43e05642c2cad1f929d
NeoBundleLock vim-slim b19d372ddc4b00048953dc0f5315490ede343b60
NeoBundleLock vim-surround e49d6c2459e0f5569ff2d533b4df995dd7f98313
NeoBundleLock vim-versions ee82a2e9bbbfe75fbf1eb7b8737ca190e4243f85
