NeoBundleLock JpFormat.vim bd18ce5e9054f57855493085e9ea466a6ebfe256
NeoBundleLock agit.vim 359aaf68ea2856a116155b20cdc666d2dc1ff9df
NeoBundleLock emmet-vim c24f2dcfcbf2a68b2527f98c0346124d086e33aa
NeoBundleLock html5.vim 5b13cd0a60bcce78df697faf35cdb98606985d44
NeoBundleLock incsearch.vim 2082894fcb4a449b5b68e26641dc5dbdd8c3a425
NeoBundleLock julia-vim 520498d5f6e04741ab0eed7856a08e03a7ecf73d
NeoBundleLock neobundle.vim 27c473e6b8c0d9aef620d4a993615a5537175e36
NeoBundleLock nerdtree 15445be5fb2559829ac7a1f05af5d713586e8ec9
NeoBundleLock nerdtree-git-plugin e71e62fb5ca3e49035a7f2a85c81e5b85b1cf138
NeoBundleLock po.vim 1a40565fd5b660b62a1dcc6a7ba45b76744a66fd
NeoBundleLock rust.vim e651851c7455286f0ba42c46777e9677c68796ac
NeoBundleLock tcomment_vim 52586e67db998a4df9160edc219bf587e3faa634
NeoBundleLock unite.vim 605e77f0ba3b61e8be5c6ab7d04826af001233d1
NeoBundleLock vim-coffee-script 32fe889b8cafd3a4921ef8e6485156453ff58c42
NeoBundleLock vim-easy-align 0cb6b98fc155717b0a56c110551ac57d1d951ddb
NeoBundleLock vim-endwise bba43b831ae0485cf9b86d16340a6a314b927391
NeoBundleLock vim-fugitive 9835920a3c91236021fc8c88cc4157304e24356b
NeoBundleLock vim-go a1cfa1175303942ca8cd32454d324a9e56b046fa
NeoBundleLock vim-quickrun 324a8a3fbc5cdde3de21f0b76fb7cc0775a91c2c
NeoBundleLock vim-rails df64206ed39557d7409c7dc2a7d0e943fac40b8d
NeoBundleLock vim-rst-tables 7a66513629decd5e715e57e109bcb9bad8141139
NeoBundleLock vim-slim 0daaa8581f9a9968cebbc7d14ae9acf1625c0389
NeoBundleLock vim-surround 2d05440ad23f97a7874ebd9b5de3a0e65d25d85c
NeoBundleLock vim-versions 19f8510e6fd4f263b0604fcd60d5712f00f41807
